// !$*UTF8*$!
{
	archiveVersion = 1;
	classes = {
	};
	objectVersion = 50;
	objects = {

/* Begin PBXBuildFile section */
		85C5F7B22345F6AF006E9787 /* CustomFit.h in Headers */ = {isa = PBXBuildFile; fileRef = 85C5F7B02345F6AF006E9787 /* CustomFit.h */; settings = {ATTRIBUTES = (Public, ); }; };
		85C5F7BF2345F755006E9787 /* AppDelegate.swift in Sources */ = {isa = PBXBuildFile; fileRef = 85C5F7BE2345F755006E9787 /* AppDelegate.swift */; };
		85C5F7C12345F755006E9787 /* ViewController.swift in Sources */ = {isa = PBXBuildFile; fileRef = 85C5F7C02345F755006E9787 /* ViewController.swift */; };
		85C5F7C42345F755006E9787 /* Main.storyboard in Resources */ = {isa = PBXBuildFile; fileRef = 85C5F7C22345F755006E9787 /* Main.storyboard */; };
		85C5F7C62345F75B006E9787 /* Assets.xcassets in Resources */ = {isa = PBXBuildFile; fileRef = 85C5F7C52345F75B006E9787 /* Assets.xcassets */; };
		85C5F7C92345F75B006E9787 /* LaunchScreen.storyboard in Resources */ = {isa = PBXBuildFile; fileRef = 85C5F7C72345F75B006E9787 /* LaunchScreen.storyboard */; };
		85C5F7D42345F75C006E9787 /* ExampleUITests.swift in Sources */ = {isa = PBXBuildFile; fileRef = 85C5F7D32345F75C006E9787 /* ExampleUITests.swift */; };
/* End PBXBuildFile section */

/* Begin PBXContainerItemProxy section */
		85C5F7D02345F75C006E9787 /* PBXContainerItemProxy */ = {
			isa = PBXContainerItemProxy;
			containerPortal = 85C5F7A42345F6AF006E9787 /* Project object */;
			proxyType = 1;
			remoteGlobalIDString = 85C5F7BB2345F755006E9787;
			remoteInfo = Example;
		};
/* End PBXContainerItemProxy section */

/* Begin PBXFileReference section */
		85C5F7AD2345F6AF006E9787 /* CustomFit.framework */ = {isa = PBXFileReference; explicitFileType = wrapper.framework; includeInIndex = 0; path = CustomFit.framework; sourceTree = BUILT_PRODUCTS_DIR; };
		85C5F7B02345F6AF006E9787 /* CustomFit.h */ = {isa = PBXFileReference; lastKnownFileType = sourcecode.c.h; path = CustomFit.h; sourceTree = "<group>"; };
		85C5F7B12345F6AF006E9787 /* Info.plist */ = {isa = PBXFileReference; lastKnownFileType = text.plist.xml; path = Info.plist; sourceTree = "<group>"; };
		85C5F7BC2345F755006E9787 /* Example.app */ = {isa = PBXFileReference; explicitFileType = wrapper.application; includeInIndex = 0; path = Example.app; sourceTree = BUILT_PRODUCTS_DIR; };
		85C5F7BE2345F755006E9787 /* AppDelegate.swift */ = {isa = PBXFileReference; lastKnownFileType = sourcecode.swift; path = AppDelegate.swift; sourceTree = "<group>"; };
		85C5F7C02345F755006E9787 /* ViewController.swift */ = {isa = PBXFileReference; lastKnownFileType = sourcecode.swift; path = ViewController.swift; sourceTree = "<group>"; };
		85C5F7C32345F755006E9787 /* Base */ = {isa = PBXFileReference; lastKnownFileType = file.storyboard; name = Base; path = Base.lproj/Main.storyboard; sourceTree = "<group>"; };
		85C5F7C52345F75B006E9787 /* Assets.xcassets */ = {isa = PBXFileReference; lastKnownFileType = folder.assetcatalog; path = Assets.xcassets; sourceTree = "<group>"; };
		85C5F7C82345F75B006E9787 /* Base */ = {isa = PBXFileReference; lastKnownFileType = file.storyboard; name = Base; path = Base.lproj/LaunchScreen.storyboard; sourceTree = "<group>"; };
		85C5F7CA2345F75B006E9787 /* Info.plist */ = {isa = PBXFileReference; lastKnownFileType = text.plist.xml; path = Info.plist; sourceTree = "<group>"; };
		85C5F7CF2345F75C006E9787 /* ExampleUITests.xctest */ = {isa = PBXFileReference; explicitFileType = wrapper.cfbundle; includeInIndex = 0; path = ExampleUITests.xctest; sourceTree = BUILT_PRODUCTS_DIR; };
		85C5F7D32345F75C006E9787 /* ExampleUITests.swift */ = {isa = PBXFileReference; lastKnownFileType = sourcecode.swift; path = ExampleUITests.swift; sourceTree = "<group>"; };
		85C5F7D52345F75C006E9787 /* Info.plist */ = {isa = PBXFileReference; lastKnownFileType = text.plist.xml; path = Info.plist; sourceTree = "<group>"; };
/* End PBXFileReference section */

/* Begin PBXFrameworksBuildPhase section */
		85C5F7AA2345F6AF006E9787 /* Frameworks */ = {
			isa = PBXFrameworksBuildPhase;
			buildActionMask = 2147483647;
			files = (
			);
			runOnlyForDeploymentPostprocessing = 0;
		};
		85C5F7B92345F755006E9787 /* Frameworks */ = {
			isa = PBXFrameworksBuildPhase;
			buildActionMask = 2147483647;
			files = (
			);
			runOnlyForDeploymentPostprocessing = 0;
		};
		85C5F7CC2345F75C006E9787 /* Frameworks */ = {
			isa = PBXFrameworksBuildPhase;
			buildActionMask = 2147483647;
			files = (
			);
			runOnlyForDeploymentPostprocessing = 0;
		};
/* End PBXFrameworksBuildPhase section */

/* Begin PBXGroup section */
		85C5F7A32345F6AF006E9787 = {
			isa = PBXGroup;
			children = (
				85C5F7AF2345F6AF006E9787 /* CustomFit */,
				85C5F7BD2345F755006E9787 /* Example */,
				85C5F7D22345F75C006E9787 /* ExampleUITests */,
				85C5F7AE2345F6AF006E9787 /* Products */,
			);
			sourceTree = "<group>";
		};
		85C5F7AE2345F6AF006E9787 /* Products */ = {
			isa = PBXGroup;
			children = (
				85C5F7AD2345F6AF006E9787 /* CustomFit.framework */,
				85C5F7BC2345F755006E9787 /* Example.app */,
				85C5F7CF2345F75C006E9787 /* ExampleUITests.xctest */,
			);
			name = Products;
			sourceTree = "<group>";
		};
		85C5F7AF2345F6AF006E9787 /* CustomFit */ = {
			isa = PBXGroup;
			children = (
				85C5F7B02345F6AF006E9787 /* CustomFit.h */,
				85C5F7B12345F6AF006E9787 /* Info.plist */,
			);
			path = CustomFit;
			sourceTree = "<group>";
		};
		85C5F7BD2345F755006E9787 /* Example */ = {
			isa = PBXGroup;
			children = (
				85C5F7BE2345F755006E9787 /* AppDelegate.swift */,
				85C5F7C02345F755006E9787 /* ViewController.swift */,
				85C5F7C22345F755006E9787 /* Main.storyboard */,
				85C5F7C52345F75B006E9787 /* Assets.xcassets */,
				85C5F7C72345F75B006E9787 /* LaunchScreen.storyboard */,
				85C5F7CA2345F75B006E9787 /* Info.plist */,
			);
			path = Example;
			sourceTree = "<group>";
		};
		85C5F7D22345F75C006E9787 /* ExampleUITests */ = {
			isa = PBXGroup;
			children = (
				85C5F7D32345F75C006E9787 /* ExampleUITests.swift */,
				85C5F7D52345F75C006E9787 /* Info.plist */,
			);
			path = ExampleUITests;
			sourceTree = "<group>";
		};
/* End PBXGroup section */

/* Begin PBXHeadersBuildPhase section */
		85C5F7A82345F6AF006E9787 /* Headers */ = {
			isa = PBXHeadersBuildPhase;
			buildActionMask = 2147483647;
			files = (
				85C5F7B22345F6AF006E9787 /* CustomFit.h in Headers */,
			);
			runOnlyForDeploymentPostprocessing = 0;
		};
/* End PBXHeadersBuildPhase section */

/* Begin PBXNativeTarget section */
		85C5F7AC2345F6AF006E9787 /* CustomFit */ = {
			isa = PBXNativeTarget;
			buildConfigurationList = 85C5F7B52345F6AF006E9787 /* Build configuration list for PBXNativeTarget "CustomFit" */;
			buildPhases = (
				85C5F7A82345F6AF006E9787 /* Headers */,
				85C5F7A92345F6AF006E9787 /* Sources */,
				85C5F7AA2345F6AF006E9787 /* Frameworks */,
				85C5F7AB2345F6AF006E9787 /* Resources */,
			);
			buildRules = (
			);
			dependencies = (
			);
			name = CustomFit;
			productName = CustomFit;
			productReference = 85C5F7AD2345F6AF006E9787 /* CustomFit.framework */;
			productType = "com.apple.product-type.framework";
		};
		85C5F7BB2345F755006E9787 /* Example */ = {
			isa = PBXNativeTarget;
			buildConfigurationList = 85C5F7D62345F75C006E9787 /* Build configuration list for PBXNativeTarget "Example" */;
			buildPhases = (
				85C5F7B82345F755006E9787 /* Sources */,
				85C5F7B92345F755006E9787 /* Frameworks */,
				85C5F7BA2345F755006E9787 /* Resources */,
			);
			buildRules = (
			);
			dependencies = (
			);
			name = Example;
			productName = Example;
			productReference = 85C5F7BC2345F755006E9787 /* Example.app */;
			productType = "com.apple.product-type.application";
		};
		85C5F7CE2345F75C006E9787 /* ExampleUITests */ = {
			isa = PBXNativeTarget;
			buildConfigurationList = 85C5F7D92345F75C006E9787 /* Build configuration list for PBXNativeTarget "ExampleUITests" */;
			buildPhases = (
				85C5F7CB2345F75C006E9787 /* Sources */,
				85C5F7CC2345F75C006E9787 /* Frameworks */,
				85C5F7CD2345F75C006E9787 /* Resources */,
			);
			buildRules = (
			);
			dependencies = (
				85C5F7D12345F75C006E9787 /* PBXTargetDependency */,
			);
			name = ExampleUITests;
			productName = ExampleUITests;
			productReference = 85C5F7CF2345F75C006E9787 /* ExampleUITests.xctest */;
			productType = "com.apple.product-type.bundle.ui-testing";
		};
/* End PBXNativeTarget section */

/* Begin PBXProject section */
		85C5F7A42345F6AF006E9787 /* Project object */ = {
			isa = PBXProject;
			attributes = {
				LastSwiftUpdateCheck = 1020;
				LastUpgradeCheck = 1020;
				ORGANIZATIONNAME = "Rajtharan G";
				TargetAttributes = {
					85C5F7AC2345F6AF006E9787 = {
						CreatedOnToolsVersion = 10.2;
					};
					85C5F7BB2345F755006E9787 = {
						CreatedOnToolsVersion = 10.2;
					};
					85C5F7CE2345F75C006E9787 = {
						CreatedOnToolsVersion = 10.2;
						TestTargetID = 85C5F7BB2345F755006E9787;
					};
				};
			};
			buildConfigurationList = 85C5F7A72345F6AF006E9787 /* Build configuration list for PBXProject "CustomFit" */;
			compatibilityVersion = "Xcode 9.3";
			developmentRegion = en;
			hasScannedForEncodings = 0;
			knownRegions = (
				en,
				Base,
			);
			mainGroup = 85C5F7A32345F6AF006E9787;
			productRefGroup = 85C5F7AE2345F6AF006E9787 /* Products */;
			projectDirPath = "";
			projectRoot = "";
			targets = (
				85C5F7AC2345F6AF006E9787 /* CustomFit */,
				85C5F7BB2345F755006E9787 /* Example */,
				85C5F7CE2345F75C006E9787 /* ExampleUITests */,
			);
		};
/* End PBXProject section */

/* Begin PBXResourcesBuildPhase section */
		85C5F7AB2345F6AF006E9787 /* Resources */ = {
			isa = PBXResourcesBuildPhase;
			buildActionMask = 2147483647;
			files = (
			);
			runOnlyForDeploymentPostprocessing = 0;
		};
		85C5F7BA2345F755006E9787 /* Resources */ = {
			isa = PBXResourcesBuildPhase;
			buildActionMask = 2147483647;
			files = (
				85C5F7C92345F75B006E9787 /* LaunchScreen.storyboard in Resources */,
				85C5F7C62345F75B006E9787 /* Assets.xcassets in Resources */,
				85C5F7C42345F755006E9787 /* Main.storyboard in Resources */,
			);
			runOnlyForDeploymentPostprocessing = 0;
		};
		85C5F7CD2345F75C006E9787 /* Resources */ = {
			isa = PBXResourcesBuildPhase;
			buildActionMask = 2147483647;
			files = (
			);
			runOnlyForDeploymentPostprocessing = 0;
		};
/* End PBXResourcesBuildPhase section */

/* Begin PBXSourcesBuildPhase section */
		85C5F7A92345F6AF006E9787 /* Sources */ = {
			isa = PBXSourcesBuildPhase;
			buildActionMask = 2147483647;
			files = (
			);
			runOnlyForDeploymentPostprocessing = 0;
		};
		85C5F7B82345F755006E9787 /* Sources */ = {
			isa = PBXSourcesBuildPhase;
			buildActionMask = 2147483647;
			files = (
				85C5F7C12345F755006E9787 /* ViewController.swift in Sources */,
				85C5F7BF2345F755006E9787 /* AppDelegate.swift in Sources */,
			);
			runOnlyForDeploymentPostprocessing = 0;
		};
		85C5F7CB2345F75C006E9787 /* Sources */ = {
			isa = PBXSourcesBuildPhase;
			buildActionMask = 2147483647;
			files = (
				85C5F7D42345F75C006E9787 /* ExampleUITests.swift in Sources */,
			);
			runOnlyForDeploymentPostprocessing = 0;
		};
/* End PBXSourcesBuildPhase section */

/* Begin PBXTargetDependency section */
		85C5F7D12345F75C006E9787 /* PBXTargetDependency */ = {
			isa = PBXTargetDependency;
			target = 85C5F7BB2345F755006E9787 /* Example */;
			targetProxy = 85C5F7D02345F75C006E9787 /* PBXContainerItemProxy */;
		};
/* End PBXTargetDependency section */

/* Begin PBXVariantGroup section */
		85C5F7C22345F755006E9787 /* Main.storyboard */ = {
			isa = PBXVariantGroup;
			children = (
				85C5F7C32345F755006E9787 /* Base */,
			);
			name = Main.storyboard;
			sourceTree = "<group>";
		};
		85C5F7C72345F75B006E9787 /* LaunchScreen.storyboard */ = {
			isa = PBXVariantGroup;
			children = (
				85C5F7C82345F75B006E9787 /* Base */,
			);
			name = LaunchScreen.storyboard;
			sourceTree = "<group>";
		};
/* End PBXVariantGroup section */

/* Begin XCBuildConfiguration section */
		85C5F7B32345F6AF006E9787 /* Debug */ = {
			isa = XCBuildConfiguration;
			buildSettings = {
				ALWAYS_SEARCH_USER_PATHS = NO;
				CLANG_ANALYZER_NONNULL = YES;
				CLANG_ANALYZER_NUMBER_OBJECT_CONVERSION = YES_AGGRESSIVE;
				CLANG_CXX_LANGUAGE_STANDARD = "gnu++14";
				CLANG_CXX_LIBRARY = "libc++";
				CLANG_ENABLE_MODULES = YES;
				CLANG_ENABLE_OBJC_ARC = YES;
				CLANG_ENABLE_OBJC_WEAK = YES;
				CLANG_WARN_BLOCK_CAPTURE_AUTORELEASING = YES;
				CLANG_WARN_BOOL_CONVERSION = YES;
				CLANG_WARN_COMMA = YES;
				CLANG_WARN_CONSTANT_CONVERSION = YES;
				CLANG_WARN_DEPRECATED_OBJC_IMPLEMENTATIONS = YES;
				CLANG_WARN_DIRECT_OBJC_ISA_USAGE = YES_ERROR;
				CLANG_WARN_DOCUMENTATION_COMMENTS = YES;
				CLANG_WARN_EMPTY_BODY = YES;
				CLANG_WARN_ENUM_CONVERSION = YES;
				CLANG_WARN_INFINITE_RECURSION = YES;
				CLANG_WARN_INT_CONVERSION = YES;
				CLANG_WARN_NON_LITERAL_NULL_CONVERSION = YES;
				CLANG_WARN_OBJC_IMPLICIT_RETAIN_SELF = YES;
				CLANG_WARN_OBJC_LITERAL_CONVERSION = YES;
				CLANG_WARN_OBJC_ROOT_CLASS = YES_ERROR;
				CLANG_WARN_RANGE_LOOP_ANALYSIS = YES;
				CLANG_WARN_STRICT_PROTOTYPES = YES;
				CLANG_WARN_SUSPICIOUS_MOVE = YES;
				CLANG_WARN_UNGUARDED_AVAILABILITY = YES_AGGRESSIVE;
				CLANG_WARN_UNREACHABLE_CODE = YES;
				CLANG_WARN__DUPLICATE_METHOD_MATCH = YES;
				CODE_SIGN_IDENTITY = "iPhone Developer";
				COPY_PHASE_STRIP = NO;
				CURRENT_PROJECT_VERSION = 1;
				DEBUG_INFORMATION_FORMAT = dwarf;
				ENABLE_STRICT_OBJC_MSGSEND = YES;
				ENABLE_TESTABILITY = YES;
				GCC_C_LANGUAGE_STANDARD = gnu11;
				GCC_DYNAMIC_NO_PIC = NO;
				GCC_NO_COMMON_BLOCKS = YES;
				GCC_OPTIMIZATION_LEVEL = 0;
				GCC_PREPROCESSOR_DEFINITIONS = (
					"DEBUG=1",
					"$(inherited)",
				);
				GCC_WARN_64_TO_32_BIT_CONVERSION = YES;
				GCC_WARN_ABOUT_RETURN_TYPE = YES_ERROR;
				GCC_WARN_UNDECLARED_SELECTOR = YES;
				GCC_WARN_UNINITIALIZED_AUTOS = YES_AGGRESSIVE;
				GCC_WARN_UNUSED_FUNCTION = YES;
				GCC_WARN_UNUSED_VARIABLE = YES;
				IPHONEOS_DEPLOYMENT_TARGET = 12.2;
				MTL_ENABLE_DEBUG_INFO = INCLUDE_SOURCE;
				MTL_FAST_MATH = YES;
				ONLY_ACTIVE_ARCH = YES;
				SDKROOT = iphoneos;
				SWIFT_ACTIVE_COMPILATION_CONDITIONS = DEBUG;
				SWIFT_OPTIMIZATION_LEVEL = "-Onone";
				VERSIONING_SYSTEM = "apple-generic";
				VERSION_INFO_PREFIX = "";
			};
			name = Debug;
		};
		85C5F7B42345F6AF006E9787 /* Release */ = {
			isa = XCBuildConfiguration;
			buildSettings = {
				ALWAYS_SEARCH_USER_PATHS = NO;
				CLANG_ANALYZER_NONNULL = YES;
				CLANG_ANALYZER_NUMBER_OBJECT_CONVERSION = YES_AGGRESSIVE;
				CLANG_CXX_LANGUAGE_STANDARD = "gnu++14";
				CLANG_CXX_LIBRARY = "libc++";
				CLANG_ENABLE_MODULES = YES;
				CLANG_ENABLE_OBJC_ARC = YES;
				CLANG_ENABLE_OBJC_WEAK = YES;
				CLANG_WARN_BLOCK_CAPTURE_AUTORELEASING = YES;
				CLANG_WARN_BOOL_CONVERSION = YES;
				CLANG_WARN_COMMA = YES;
				CLANG_WARN_CONSTANT_CONVERSION = YES;
				CLANG_WARN_DEPRECATED_OBJC_IMPLEMENTATIONS = YES;
				CLANG_WARN_DIRECT_OBJC_ISA_USAGE = YES_ERROR;
				CLANG_WARN_DOCUMENTATION_COMMENTS = YES;
				CLANG_WARN_EMPTY_BODY = YES;
				CLANG_WARN_ENUM_CONVERSION = YES;
				CLANG_WARN_INFINITE_RECURSION = YES;
				CLANG_WARN_INT_CONVERSION = YES;
				CLANG_WARN_NON_LITERAL_NULL_CONVERSION = YES;
				CLANG_WARN_OBJC_IMPLICIT_RETAIN_SELF = YES;
				CLANG_WARN_OBJC_LITERAL_CONVERSION = YES;
				CLANG_WARN_OBJC_ROOT_CLASS = YES_ERROR;
				CLANG_WARN_RANGE_LOOP_ANALYSIS = YES;
				CLANG_WARN_STRICT_PROTOTYPES = YES;
				CLANG_WARN_SUSPICIOUS_MOVE = YES;
				CLANG_WARN_UNGUARDED_AVAILABILITY = YES_AGGRESSIVE;
				CLANG_WARN_UNREACHABLE_CODE = YES;
				CLANG_WARN__DUPLICATE_METHOD_MATCH = YES;
				CODE_SIGN_IDENTITY = "iPhone Developer";
				COPY_PHASE_STRIP = NO;
				CURRENT_PROJECT_VERSION = 1;
				DEBUG_INFORMATION_FORMAT = "dwarf-with-dsym";
				ENABLE_NS_ASSERTIONS = NO;
				ENABLE_STRICT_OBJC_MSGSEND = YES;
				GCC_C_LANGUAGE_STANDARD = gnu11;
				GCC_NO_COMMON_BLOCKS = YES;
				GCC_WARN_64_TO_32_BIT_CONVERSION = YES;
				GCC_WARN_ABOUT_RETURN_TYPE = YES_ERROR;
				GCC_WARN_UNDECLARED_SELECTOR = YES;
				GCC_WARN_UNINITIALIZED_AUTOS = YES_AGGRESSIVE;
				GCC_WARN_UNUSED_FUNCTION = YES;
				GCC_WARN_UNUSED_VARIABLE = YES;
				IPHONEOS_DEPLOYMENT_TARGET = 12.2;
				MTL_ENABLE_DEBUG_INFO = NO;
				MTL_FAST_MATH = YES;
				SDKROOT = iphoneos;
				SWIFT_COMPILATION_MODE = wholemodule;
				SWIFT_OPTIMIZATION_LEVEL = "-O";
				VALIDATE_PRODUCT = YES;
				VERSIONING_SYSTEM = "apple-generic";
				VERSION_INFO_PREFIX = "";
			};
			name = Release;
		};
		85C5F7B62345F6AF006E9787 /* Debug */ = {
			isa = XCBuildConfiguration;
			buildSettings = {
				CODE_SIGN_IDENTITY = "";
				CODE_SIGN_STYLE = Automatic;
				DEFINES_MODULE = YES;
				DYLIB_COMPATIBILITY_VERSION = 1;
				DYLIB_CURRENT_VERSION = 1;
				DYLIB_INSTALL_NAME_BASE = "@rpath";
				INFOPLIST_FILE = CustomFit/Info.plist;
				INSTALL_PATH = "$(LOCAL_LIBRARY_DIR)/Frameworks";
				LD_RUNPATH_SEARCH_PATHS = (
					"$(inherited)",
					"@executable_path/Frameworks",
					"@loader_path/Frameworks",
				);
				PRODUCT_BUNDLE_IDENTIFIER = com.customfit.example.CustomFit;
				PRODUCT_NAME = "$(TARGET_NAME:c99extidentifier)";
				SKIP_INSTALL = YES;
				SWIFT_VERSION = 5.0;
				TARGETED_DEVICE_FAMILY = "1,2";
			};
			name = Debug;
		};
		85C5F7B72345F6AF006E9787 /* Release */ = {
			isa = XCBuildConfiguration;
			buildSettings = {
				CODE_SIGN_IDENTITY = "";
				CODE_SIGN_STYLE = Automatic;
				DEFINES_MODULE = YES;
				DYLIB_COMPATIBILITY_VERSION = 1;
				DYLIB_CURRENT_VERSION = 1;
				DYLIB_INSTALL_NAME_BASE = "@rpath";
				INFOPLIST_FILE = CustomFit/Info.plist;
				INSTALL_PATH = "$(LOCAL_LIBRARY_DIR)/Frameworks";
				LD_RUNPATH_SEARCH_PATHS = (
					"$(inherited)",
					"@executable_path/Frameworks",
					"@loader_path/Frameworks",
				);
				PRODUCT_BUNDLE_IDENTIFIER = com.customfit.example.CustomFit;
				PRODUCT_NAME = "$(TARGET_NAME:c99extidentifier)";
				SKIP_INSTALL = YES;
				SWIFT_VERSION = 5.0;
				TARGETED_DEVICE_FAMILY = "1,2";
			};
			name = Release;
		};
		85C5F7D72345F75C006E9787 /* Debug */ = {
			isa = XCBuildConfiguration;
			buildSettings = {
				ASSETCATALOG_COMPILER_APPICON_NAME = AppIcon;
				CODE_SIGN_STYLE = Automatic;
				INFOPLIST_FILE = Example/Info.plist;
				LD_RUNPATH_SEARCH_PATHS = (
					"$(inherited)",
					"@executable_path/Frameworks",
				);
				PRODUCT_BUNDLE_IDENTIFIER = com.customfit.example.Example;
				PRODUCT_NAME = "$(TARGET_NAME)";
				SWIFT_VERSION = 5.0;
				TARGETED_DEVICE_FAMILY = "1,2";
			};
			name = Debug;
		};
		85C5F7D82345F75C006E9787 /* Release */ = {
			isa = XCBuildConfiguration;
			buildSettings = {
				ASSETCATALOG_COMPILER_APPICON_NAME = AppIcon;
				CODE_SIGN_STYLE = Automatic;
				INFOPLIST_FILE = Example/Info.plist;
				LD_RUNPATH_SEARCH_PATHS = (
					"$(inherited)",
					"@executable_path/Frameworks",
				);
				PRODUCT_BUNDLE_IDENTIFIER = com.customfit.example.Example;
				PRODUCT_NAME = "$(TARGET_NAME)";
				SWIFT_VERSION = 5.0;
				TARGETED_DEVICE_FAMILY = "1,2";
			};
			name = Release;
		};
		85C5F7DA2345F75C006E9787 /* Debug */ = {
			isa = XCBuildConfiguration;
			buildSettings = {
				ALWAYS_EMBED_SWIFT_STANDARD_LIBRARIES = YES;
				CODE_SIGN_STYLE = Automatic;
				INFOPLIST_FILE = ExampleUITests/Info.plist;
				LD_RUNPATH_SEARCH_PATHS = (
					"$(inherited)",
					"@executable_path/Frameworks",
					"@loader_path/Frameworks",
				);
				PRODUCT_BUNDLE_IDENTIFIER = com.customfit.example.ExampleUITests;
				PRODUCT_NAME = "$(TARGET_NAME)";
				SWIFT_VERSION = 5.0;
				TARGETED_DEVICE_FAMILY = "1,2";
				TEST_TARGET_NAME = Example;
			};
			name = Debug;
		};
		85C5F7DB2345F75C006E9787 /* Release */ = {
			isa = XCBuildConfiguration;
			buildSettings = {
				ALWAYS_EMBED_SWIFT_STANDARD_LIBRARIES = YES;
				CODE_SIGN_STYLE = Automatic;
				INFOPLIST_FILE = ExampleUITests/Info.plist;
				LD_RUNPATH_SEARCH_PATHS = (
					"$(inherited)",
					"@executable_path/Frameworks",
					"@loader_path/Frameworks",
				);
				PRODUCT_BUNDLE_IDENTIFIER = com.customfit.example.ExampleUITests;
				PRODUCT_NAME = "$(TARGET_NAME)";
				SWIFT_VERSION = 5.0;
				TARGETED_DEVICE_FAMILY = "1,2";
				TEST_TARGET_NAME = Example;
			};
			name = Release;
		};
/* End XCBuildConfiguration section */

/* Begin XCConfigurationList section */
		85C5F7A72345F6AF006E9787 /* Build configuration list for PBXProject "CustomFit" */ = {
			isa = XCConfigurationList;
			buildConfigurations = (
				85C5F7B32345F6AF006E9787 /* Debug */,
				85C5F7B42345F6AF006E9787 /* Release */,
			);
			defaultConfigurationIsVisible = 0;
			defaultConfigurationName = Release;
		};
		85C5F7B52345F6AF006E9787 /* Build configuration list for PBXNativeTarget "CustomFit" */ = {
			isa = XCConfigurationList;
			buildConfigurations = (
				85C5F7B62345F6AF006E9787 /* Debug */,
				85C5F7B72345F6AF006E9787 /* Release */,
			);
			defaultConfigurationIsVisible = 0;
			defaultConfigurationName = Release;
		};
		85C5F7D62345F75C006E9787 /* Build configuration list for PBXNativeTarget "Example" */ = {
			isa = XCConfigurationList;
			buildConfigurations = (
				85C5F7D72345F75C006E9787 /* Debug */,
				85C5F7D82345F75C006E9787 /* Release */,
			);
			defaultConfigurationIsVisible = 0;
			defaultConfigurationName = Release;
		};
		85C5F7D92345F75C006E9787 /* Build configuration list for PBXNativeTarget "ExampleUITests" */ = {
			isa = XCConfigurationList;
			buildConfigurations = (
				85C5F7DA2345F75C006E9787 /* Debug */,
				85C5F7DB2345F75C006E9787 /* Release */,
			);
			defaultConfigurationIsVisible = 0;
			defaultConfigurationName = Release;
		};
/* End XCConfigurationList section */
	};
	rootObject = 85C5F7A42345F6AF006E9787 /* Project object */;
}
